
Microsoft Visual Studio Solution File, Format Version 12.00
# Visual Studio Version 17
VisualStudioVersion = 17.5.33516.290
MinimumVisualStudioVersion = 10.0.40219.1
Project("{FAE04EC0-301F-11D3-BF4B-00C04F79EFBC}") = "EmployeeAPI", "EmployeeAPI.csproj", "{D655758C-3BF1-49FC-A116-1B3FD97B5D44}"
EndProject
Global
	GlobalSection(SolutionConfigurationPlatforms) = preSolution
		Debug|Any CPU = Debug|Any CPU
		Release|Any CPU = Release|Any CPU
	EndGlobalSection
	GlobalSection(ProjectConfigurationPlatforms) = postSolution
		{D655758C-3BF1-49FC-A116-1B3FD97B5D44}.Debug|Any CPU.ActiveCfg = Debug|Any CPU
		{D655758C-3BF1-49FC-A116-1B3FD97B5D44}.Debug|Any CPU.Build.0 = Debug|Any CPU
		{D655758C-3BF1-49FC-A116-1B3FD97B5D44}.Release|Any CPU.ActiveCfg = Release|Any CPU
		{D655758C-3BF1-49FC-A116-1B3FD97B5D44}.Release|Any CPU.Build.0 = Release|Any CPU
	EndGlobalSection
	GlobalSection(SolutionProperties) = preSolution
		HideSolutionNode = FALSE
	EndGlobalSection
	GlobalSection(ExtensibilityGlobals) = postSolution
		SolutionGuid = {8DF631C1-5D07-4760-B8CE-F6C081002345}
	EndGlobalSection
EndGlobal
